
Microsoft Visual Studio Solution File, Format Version 12.00
# Visual Studio Version 16
VisualStudioVersion = 16.0.31911.196
MinimumVisualStudioVersion = 10.0.40219.1
Project("{FAE04EC0-301F-11D3-BF4B-00C04F79EFBC}") = "MVCFizzBuzz", "MVCFizzBuzz\MVCFizzBuzz.csproj", "{DA883F0A-7896-43DF-BD32-63C35BFF8085}"
EndProject
Global
	GlobalSection(SolutionConfigurationPlatforms) = preSolution
		Debug|Any CPU = Debug|Any CPU
		Release|Any CPU = Release|Any CPU
	EndGlobalSection
	GlobalSection(ProjectConfigurationPlatforms) = postSolution
		{DA883F0A-7896-43DF-BD32-63C35BFF8085}.Debug|Any CPU.ActiveCfg = Debug|Any CPU
		{DA883F0A-7896-43DF-BD32-63C35BFF8085}.Debug|Any CPU.Build.0 = Debug|Any CPU
		{DA883F0A-7896-43DF-BD32-63C35BFF8085}.Release|Any CPU.ActiveCfg = Release|Any CPU
		{DA883F0A-7896-43DF-BD32-63C35BFF8085}.Release|Any CPU.Build.0 = Release|Any CPU
	EndGlobalSection
	GlobalSection(SolutionProperties) = preSolution
		HideSolutionNode = FALSE
	EndGlobalSection
	GlobalSection(ExtensibilityGlobals) = postSolution
		SolutionGuid = {E4E1A106-1AAD-4579-A9AE-6B3536E79D9D}
	EndGlobalSection
EndGlobal
